c2sp.org/CCTV/age v0.0.0-20251208015420-e9274a7bdbfd h1:ZLsPO6WdZ5zatV4UfVpr7oAwLGRZ+sebTUruuM4Ra3M=
c2sp.org/CCTV/age v0.0.0-20251208015420-e9274a7bdbfd/go.mod h1:SrHC2C7r5GkDk8R+NFVzYy/sdj0Ypg9htaPXQq5Cqeo=
filippo.io/age v1.3.1 h1:hbzdQOJkuaMEpRCLSN1/C5DX74RPcNCk6oqhKMXmZi0=
filippo.io/age v1.3.1/go.mod h1:EZorDTYUxt836i3zdori5IJX/v2Lj6kWFU0cfh6C0D4=
filippo.io/bigmod v0.1.1-0.20260103110540-f8a47775ebe5 h1:JA0fFr+kxpqTdxR9LOBiTWpGNchqmkcsgmdeJZRclZ0=
filippo.io/bigmod v0.1.1-0.20260103110540-f8a47775ebe5/go.mod h1:OjOXDNlClLblvXdwgFFOQFJEocLhhtai8vGLy0JCZlI=
filippo.io/hpke v0.4.0 h1:p575VVQ6ted4pL+it6M00V/f2qTZITO0zgmdKCkd5+A=
filippo.io/hpke v0.4.0/go.mod h1:EmAN849/P3qdeK+PCMkDpDm83vRHM5cDipBJ8xbQLVY=
filippo.io/keygen v0.0.0-20260114151900-8e2790ea4c5b h1:REI1FbdW71yO56Are4XAxD+OS/e+BQsB3gE4mZRQEXY=
filippo.io/keygen v0.0.0-20260114151900-8e2790ea4c5b/go.mod h1:9nnw1SlYHYuPSo/3wjQzNjSbeHlq2NsKo5iEtfJPWP0=
github.com/ProtonMail/go-crypto v1.3.0 h1:ILq8+Sf5If5DCpHQp4PbZdS1J7HDFRXz/+xKBiRGFrw=
github.com/ProtonMail/go-crypto v1.3.0/go.mod h1:9whxjD8Rbs29b4XWbB8irEcE8KHMqaR2e7GWU1R+/PE=
github.com/albenik/go-serial/v2 v2.6.1 h1:AhVjPVegSa/loFUmaIPNdhbeL/+6b+pCNgeCJ9CT7W8=
github.com/albenik/go-serial/v2 v2.6.1/go.mod h1:sqQA6eeZHKUB6rAgrBsP/8d3Go5Md5cjCof1WcyaK0o=
github.com/canonical/go-sp800.90a-drbg v0.0.0-20210314144037-6eeb1040d6c3 h1:oe6fCvaEpkhyW3qAicT0TnGtyht/UrgvOwMcEgLb7Aw=
github.com/canonical/go-sp800.90a-drbg v0.0.0-20210314144037-6eeb1040d6c3/go.mod h1:qdP0gaj0QtgX2RUZhnlVrceJ+Qln8aSlDyJwelLLFeM=
github.com/cloudflare/circl v1.6.0 h1:cr5JKic4HI+LkINy2lg3W2jF8sHCVTBncJr5gIIq7qk=
github.com/cloudflare/circl v1.6.0/go.mod h1:uddAzsPgqdMAYatqJ0lsjX1oECcQLIlRpzZh3pJrofs=
github.com/creack/goselect v0.1.2 h1:2DNy14+JPjRBgPzAd1thbQp4BSIihxcBf0IXhQXDRa0=
github.com/creack/goselect v0.1.2/go.mod h1:a/NhLweNvqIYMuxcMOuWY516Cimucms3DglDzQP3hKY=
github.com/davecgh/go-spew v1.1.0/go.mod h1:J7Y8YcW2NihsgmVo/mv3lAwl/skON4iLHjSsI+c5H38=
github.com/davecgh/go-spew v1.1.1 h1:vj9j/u1bqnvCEfJOwUhtlOARqs3+rkHYY13jYWTU97c=
github.com/davecgh/go-spew v1.1.1/go.mod h1:J7Y8YcW2NihsgmVo/mv3lAwl/skON4iLHjSsI+c5H38=
github.com/google/btree v1.1.2 h1:xf4v41cLI2Z6FxbKm+8Bu+m8ifhj15JuZ9sa0jZCMUU=
github.com/google/btree v1.1.2/go.mod h1:qOPhT0dTNdNzV6Z/lhRX0YXUafgPLFUh+gZMl761Gm4=
github.com/google/go-p11-kit v0.4.0 h1:2HCRptPun8gkfOJH6u8goMjCcGESuJpMx2ugozLtiL8=
github.com/google/go-p11-kit v0.4.0/go.mod h1:tg3TK33e/pkQUoXAun7q1zD5VwmYcN20sPaMl4l3hJo=
github.com/gsora/fidati v0.0.0-20230806170658-ab651720d7c3 h1:zugXhdIprbuLMfR3ATkt5+YRx9VMBJgjPn1IDwluvJs=
github.com/gsora/fidati v0.0.0-20230806170658-ab651720d7c3/go.mod h1:pqELFmXT+lU57T8pIGwPSOODIvRv/r/lwxlJX0UupvY=
github.com/hsanjuan/go-nfctype4 v0.0.2 h1:rp4gUWhjouLEYb14QDiA+9Z6AX55UOm6WTEenfhzZ+0=
github.com/hsanjuan/go-nfctype4 v0.0.2/go.mod h1:x4ZfW+fg20SjD3ewqUYnv9F1uKPB+d+vYmZsACWBmSs=
github.com/jonboulle/clockwork v0.4.0 h1:p4Cf1aMWXnXAUh8lVfewRBx1zaTSYKrKMF2g3ST4RZ4=
github.com/jonboulle/clockwork v0.4.0/go.mod h1:xgRqUGwRcjKCO1vbZUEtSLrqKoPSsUpK7fnezOII0kc=
github.com/pmezard/go-difflib v1.0.0 h1:4DBwDE0NGyQoBHbLQYPwSUPoCMWR5BEzIk/f1lZbAQM=
github.com/pmezard/go-difflib v1.0.0/go.mod h1:iKH77koFhYxTK1pcRnkKkqfTogsbg7gZNVY4sRDYZ/4=
github.com/rakyll/statik v0.1.7/go.mod h1:AlZONWzMtEnMs7W4e/1LURLiI49pIMmp6V9Unghqrcc=
github.com/stretchr/objx v0.1.0/go.mod h1:HFkY916IF+rwdDfMAkV7OtwuqBVzrE8GR6GFx+wExME=
github.com/stretchr/testify v1.7.1 h1:5TQK59W5E3v0r2duFAb7P95B6hEeOyEnHRa8MjYSMTY=
github.com/stretchr/testify v1.7.1/go.mod h1:6Fq8oRcR53rry900zMqJjRRixrwX3KX962/h/Wwjteg=
github.com/usbarmory/armoryctl v0.0.0-20250827133621-4af21c7459fa h1:zGUu13V5oeGRdn+KCh/5zRNPRgWiBlRvmeYRPUV5U7g=
github.com/usbarmory/armoryctl v0.0.0-20250827133621-4af21c7459fa/go.mod h1:l0cQgyvVZpVios8cJHGGlvZxGHfy0UH5wqTBxlT1nmc=
github.com/usbarmory/imx-usbnet v0.0.0-20250916125502-9c92e5468e13 h1:HHbkIJyvb6B/wGXlKb0+0yZDLKMCcq/NtkAwVHr7YWE=
github.com/usbarmory/imx-usbnet v0.0.0-20250916125502-9c92e5468e13/go.mod h1:zvzUu4SfzoCEDVnxzga81SoK3ezsW8gjxck2v1Ry1zw=
github.com/usbarmory/tamago v0.0.0-20220823080407-04f05cf2a5a3/go.mod h1:Lok79mjbJnhoBGqhX5cCUsZtSemsQF5FNZW+2R1dRr8=
github.com/usbarmory/tamago v1.25.6 h1:qt1CkH/cI9EMv+7wRMRT2yqQPIWRjokBBLnKehg1NaQ=
github.com/usbarmory/tamago v1.25.6/go.mod h1:jZIgiYSQmVoZyxvzHmzamNi36eZv790/5SO6lhds+W4=
go.uber.org/atomic v1.10.0 h1:9qC72Qh0+3MqyJbAn8YU5xVq1frD8bn3JtD2oXtafVQ=
go.uber.org/atomic v1.10.0/go.mod h1:LUxbIzbOniOlMKjJjyPfpl4v+PKK2cNJn91OQbhoJI0=
go.uber.org/multierr v1.9.0 h1:7fIwc/ZtS0q++VgcfqFDxSBZVv/Xo49/SYnDFupUwlI=
go.uber.org/multierr v1.9.0/go.mod h1:X2jQV1h+kxSjClGpnseKVIxpmcjrj7MNnI0bnlfKTVQ=
golang.org/x/crypto v0.47.0 h1:V6e3FRj+n4dbpw86FJ8Fv7XVOql7TEwpHapKoMJ/GO8=
golang.org/x/crypto v0.47.0/go.mod h1:ff3Y9VzzKbwSSEzWqJsJVBnWmRwRSHt/6Op5n9bQc4A=
golang.org/x/sys v0.40.0 h1:DBZZqJ2Rkml6QMQsZywtnjnnGvHza6BTfYFWY9kjEWQ=
golang.org/x/sys v0.40.0/go.mod h1:OgkHotnGiDImocRcuBABYBEXf8A9a87e/uXjp9XT3ks=
golang.org/x/term v0.39.0 h1:RclSuaJf32jOqZz74CkPA9qFuVTX7vhLlpfj/IGWlqY=
golang.org/x/term v0.39.0/go.mod h1:yxzUCTP/U+FzoxfdKmLaA0RV1WgE0VY7hXBwKtY/4ww=
golang.org/x/time v0.5.0 h1:o7cqy6amK/52YcAKIPlM3a+Fpj35zvRj2TP+e1xFSfk=
golang.org/x/time v0.5.0/go.mod h1:3BpzKBy/shNhVucY/MWOyx10tF3SFh9QdLuxbVysPQM=
golang.org/x/xerrors v0.0.0-20220907171357-04be3eba64a2 h1:H2TDz8ibqkAF6YGhCdN3jS9O0/s90v0rJh3X/OLHEUk=
golang.org/x/xerrors v0.0.0-20220907171357-04be3eba64a2/go.mod h1:K8+ghG5WaK9qNqU5K3HdILfMLy1f3aNYFI/wnl100a8=
gopkg.in/check.v1 v0.0.0-20161208181325-20d25e280405/go.mod h1:Co6ibVJAznAaIkqp8huTwlJQCZ016jof/cbN4VW5Yz0=
gopkg.in/yaml.v3 v3.0.0-20200313102051-9f266ea9e77c/go.mod h1:K4uyk7z7BCEPqu6E+C64Yfv1cQ7kz7rIZviUmN+EgEM=
gopkg.in/yaml.v3 v3.0.1 h1:fxVm/GzAzEWqLHuvctI91KS9hhNmmWOoWu0XTYJS7CA=
gopkg.in/yaml.v3 v3.0.1/go.mod h1:K4uyk7z7BCEPqu6E+C64Yfv1cQ7kz7rIZviUmN+EgEM=
gvisor.dev/gvisor v0.0.0-20240909175600-91fb8ad18db5 h1:hpXKYYLBqtz3Le2H17xbQsWhb254+QOGuuVS2orihjo=
gvisor.dev/gvisor v0.0.0-20240909175600-91fb8ad18db5/go.mod h1:sxc3Uvk/vHcd3tj7/DHVBoR5wvWT/MmRq2pj7HRJnwU=
periph.io/x/conn/v3 v3.7.1 h1:tMjNv3WO8jEz/ePuXl7y++2zYi8LsQ5otbmqGKy3Myg=
periph.io/x/conn/v3 v3.7.1/go.mod h1:c+HCVjkzbf09XzcqZu/t+U8Ss/2QuJj0jgRF6Nye838=
periph.io/x/host/v3 v3.8.2 h1:ayKUDzgUCN0g8+/xM9GTkWaOBhSLVcVHGTfjAOi8OsQ=
periph.io/x/host/v3 v3.8.2/go.mod h1:yFL76AesNHR68PboofSWYaQTKmvPXsQH2Apvp/ls/K4=
